{
  "version": 4,
  "terraform_version": "1.4.4",
  "serial": 30,
  "lineage": "655213f6-2ec2-a14e-3fdf-ea4fa1eb09d2",
  "outputs": {
    "gcp_artifact_repository": {
      "value": "projects/optimum-attic-383216/locations/europe-west6/repositories/ipl-data-analysis",
      "type": "string"
    },
    "gcp_bigquery_dataset_name": {
      "value": "ipl-data-analysis",
      "type": "string"
    },
    "gcp_bucket_name": {
      "value": "ipl-data-analysis",
      "type": "string"
    }
  },
  "resources": [
    {
      "mode": "managed",
      "type": "google_artifact_registry_repository",
      "name": "ipl-project",
      "provider": "provider[\"registry.terraform.io/hashicorp/google\"]",
      "instances": [
        {
          "schema_version": 0,
          "attributes": {
            "create_time": "2023-04-10T07:07:02.717543Z",
            "description": "Jagadeesh Dachepalli's IPL project google artifact repository",
            "format": "DOCKER",
            "id": "projects/optimum-attic-383216/locations/europe-west6/repositories/ipl-data-analysis",
            "kms_key_name": "",
            "labels": null,
            "location": "europe-west6",
            "maven_config": [],
            "name": "ipl-data-analysis",
            "project": "optimum-attic-383216",
            "repository_id": "ipl-data-analysis",
            "timeouts": null,
            "update_time": "2023-04-10T07:07:02.717543Z"
          },
          "sensitive_attributes": [],
          "private": "eyJlMmJmYjczMC1lY2FhLTExZTYtOGY4OC0zNDM2M2JjN2M0YzAiOnsiY3JlYXRlIjoxMjAwMDAwMDAwMDAwLCJkZWxldGUiOjEyMDAwMDAwMDAwMDAsInVwZGF0ZSI6MTIwMDAwMDAwMDAwMH19"
        }
      ]
    },
    {
      "mode": "managed",
      "type": "google_dataproc_cluster",
      "name": "mycluster",
      "provider": "provider[\"registry.terraform.io/hashicorp/google\"]",
      "instances": [
        {
          "status": "tainted",
          "schema_version": 0,
          "attributes": {
            "cluster_config": [
              {
                "autoscaling_config": [],
                "bucket": "",
                "dataproc_metric_config": [],
                "encryption_config": [],
                "endpoint_config": [],
                "gce_cluster_config": [],
                "initialization_action": [],
                "lifecycle_config": [],
                "master_config": [
                  {
                    "accelerators": [],
                    "disk_config": [
                      {
                        "boot_disk_size_gb": 30,
                        "boot_disk_type": "pd-ssd",
                        "num_local_ssds": 0
                      }
                    ],
                    "image_uri": "",
                    "instance_names": [],
                    "machine_type": "e2-medium",
                    "min_cpu_platform": "",
                    "num_instances": 1
                  }
                ],
                "metastore_config": [],
                "preemptible_worker_config": [
                  {
                    "disk_config": [],
                    "instance_names": [],
                    "num_instances": 0,
                    "preemptibility": "PREEMPTIBLE"
                  }
                ],
                "security_config": [],
                "software_config": [
                  {
                    "image_version": "2.0.35-debian10",
                    "optional_components": null,
                    "override_properties": {
                      "dataproc:dataproc.allow.zero.workers": "true"
                    },
                    "properties": {}
                  }
                ],
                "staging_bucket": "ipl-data-analysis",
                "temp_bucket": "",
                "worker_config": [
                  {
                    "accelerators": [],
                    "disk_config": [
                      {
                        "boot_disk_size_gb": 30,
                        "boot_disk_type": "pd-standard",
                        "num_local_ssds": 0
                      }
                    ],
                    "image_uri": "",
                    "instance_names": [],
                    "machine_type": "e2-medium",
                    "min_cpu_platform": "",
                    "num_instances": 2
                  }
                ]
              }
            ],
            "graceful_decommission_timeout": "120s",
            "id": "projects/optimum-attic-383216/regions/europe-west6/clusters/ipl-data-analysis",
            "labels": {
              "owner": "jagadish"
            },
            "name": "ipl-data-analysis",
            "project": null,
            "region": "europe-west6",
            "timeouts": null,
            "virtual_cluster_config": null
          },
          "sensitive_attributes": [],
          "private": "eyJlMmJmYjczMC1lY2FhLTExZTYtOGY4OC0zNDM2M2JjN2M0YzAiOnsiY3JlYXRlIjoyNzAwMDAwMDAwMDAwLCJkZWxldGUiOjI3MDAwMDAwMDAwMDAsInVwZGF0ZSI6MjcwMDAwMDAwMDAwMH19",
          "dependencies": [
            "google_storage_bucket.data-lake-bucket"
          ]
        }
      ]
    },
    {
      "mode": "managed",
      "type": "google_storage_bucket",
      "name": "data-lake-bucket",
      "provider": "provider[\"registry.terraform.io/hashicorp/google\"]",
      "instances": [
        {
          "schema_version": 0,
          "attributes": {
            "autoclass": [],
            "cors": [],
            "custom_placement_config": [],
            "default_event_based_hold": false,
            "encryption": [],
            "force_destroy": true,
            "id": "ipl-data-analysis",
            "labels": null,
            "lifecycle_rule": [
              {
                "action": [
                  {
                    "storage_class": "",
                    "type": "Delete"
                  }
                ],
                "condition": [
                  {
                    "age": 30,
                    "created_before": "",
                    "custom_time_before": "",
                    "days_since_custom_time": 0,
                    "days_since_noncurrent_time": 0,
                    "matches_prefix": [],
                    "matches_storage_class": [],
                    "matches_suffix": [],
                    "noncurrent_time_before": "",
                    "num_newer_versions": 0,
                    "with_state": "ANY"
                  }
                ]
              }
            ],
            "location": "EUROPE-WEST6",
            "logging": [],
            "name": "ipl-data-analysis",
            "project": "optimum-attic-383216",
            "public_access_prevention": "inherited",
            "requester_pays": false,
            "retention_policy": [],
            "self_link": "https://www.googleapis.com/storage/v1/b/ipl-data-analysis",
            "storage_class": "STANDARD",
            "timeouts": null,
            "uniform_bucket_level_access": true,
            "url": "gs://ipl-data-analysis",
            "versioning": [
              {
                "enabled": true
              }
            ],
            "website": []
          },
          "sensitive_attributes": [],
          "private": "eyJlMmJmYjczMC1lY2FhLTExZTYtOGY4OC0zNDM2M2JjN2M0YzAiOnsiY3JlYXRlIjo2MDAwMDAwMDAwMDAsInJlYWQiOjI0MDAwMDAwMDAwMCwidXBkYXRlIjoyNDAwMDAwMDAwMDB9fQ=="
        }
      ]
    },
    {
      "mode": "managed",
      "type": "google_storage_bucket_object",
      "name": "pyspark_file",
      "provider": "provider[\"registry.terraform.io/hashicorp/google\"]",
      "instances": [
        {
          "schema_version": 0,
          "attributes": {
            "bucket": "ipl-data-analysis",
            "cache_control": "",
            "content": null,
            "content_disposition": "",
            "content_encoding": "",
            "content_language": "",
            "content_type": "text/plain; charset=utf-8",
            "crc32c": "eZ7h5A==",
            "customer_encryption": [],
            "detect_md5hash": "eLTHLj4iwkT7OukuzE7nDQ==",
            "event_based_hold": false,
            "id": "ipl-data-analysis-generate_stats_dataproc.py",
            "kms_key_name": "",
            "md5hash": "eLTHLj4iwkT7OukuzE7nDQ==",
            "media_link": "https://storage.googleapis.com/download/storage/v1/b/ipl-data-analysis/o/generate_stats_dataproc.py?generation=1681110426509552\u0026alt=media",
            "metadata": null,
            "name": "generate_stats_dataproc.py",
            "output_name": "generate_stats_dataproc.py",
            "self_link": "https://www.googleapis.com/storage/v1/b/ipl-data-analysis/o/generate_stats_dataproc.py",
            "source": "../pyspark_jobs/generate_stats_dataproc.py",
            "storage_class": "STANDARD",
            "temporary_hold": false,
            "timeouts": null
          },
          "sensitive_attributes": [],
          "private": "eyJlMmJmYjczMC1lY2FhLTExZTYtOGY4OC0zNDM2M2JjN2M0YzAiOnsiY3JlYXRlIjoyNDAwMDAwMDAwMDAsImRlbGV0ZSI6MjQwMDAwMDAwMDAwLCJ1cGRhdGUiOjI0MDAwMDAwMDAwMH19",
          "dependencies": [
            "google_storage_bucket.data-lake-bucket"
          ]
        }
      ]
    }
  ],
  "check_results": null
}
