{
  "version": 4,
  "terraform_version": "1.3.7",
  "serial": 11,
  "lineage": "57c595a0-c0a0-2e06-c47f-bde3001fe844",
  "outputs": {
    "gcp_artifact_repository": {
      "value": "projects/datazoomcamp-jagadish-final/locations/europe-west6/repositories/ipl-project",
      "type": "string"
    },
    "gcp_bigquery_dataset_name": {
      "value": "raw_data_store",
      "type": "string"
    },
    "gcp_bucket_name": {
      "value": "jagadish_data_lake_datazoomcamp-jagadish-final",
      "type": "string"
    }
  },
  "resources": [
    {
      "mode": "managed",
      "type": "google_artifact_registry_repository",
      "name": "ipl-project",
      "provider": "provider[\"registry.terraform.io/hashicorp/google\"]",
      "instances": [
        {
          "schema_version": 0,
          "attributes": {
            "create_time": "2023-03-26T17:37:24.657944Z",
            "description": "Jagadeesh Dachepalli's IPL project google artifact repository",
            "format": "DOCKER",
            "id": "projects/datazoomcamp-jagadish-final/locations/europe-west6/repositories/ipl-project",
            "kms_key_name": "",
            "labels": {},
            "location": "europe-west6",
            "maven_config": [],
            "name": "ipl-project",
            "project": "datazoomcamp-jagadish-final",
            "repository_id": "ipl-project",
            "timeouts": null,
            "update_time": "2023-03-26T17:37:24.657944Z"
          },
          "sensitive_attributes": [],
          "private": "eyJlMmJmYjczMC1lY2FhLTExZTYtOGY4OC0zNDM2M2JjN2M0YzAiOnsiY3JlYXRlIjoxMjAwMDAwMDAwMDAwLCJkZWxldGUiOjEyMDAwMDAwMDAwMDAsInVwZGF0ZSI6MTIwMDAwMDAwMDAwMH19"
        }
      ]
    },
    {
      "mode": "managed",
      "type": "google_bigquery_dataset",
      "name": "dataset",
      "provider": "provider[\"registry.terraform.io/hashicorp/google\"]",
      "instances": [
        {
          "schema_version": 0,
          "attributes": {
            "access": [
              {
                "dataset": [],
                "domain": "",
                "group_by_email": "",
                "role": "OWNER",
                "routine": [],
                "special_group": "",
                "user_by_email": "jagadish.dachepalli@gmail.com",
                "view": []
              },
              {
                "dataset": [],
                "domain": "",
                "group_by_email": "",
                "role": "OWNER",
                "routine": [],
                "special_group": "projectOwners",
                "user_by_email": "",
                "view": []
              },
              {
                "dataset": [],
                "domain": "",
                "group_by_email": "",
                "role": "READER",
                "routine": [],
                "special_group": "projectReaders",
                "user_by_email": "",
                "view": []
              },
              {
                "dataset": [],
                "domain": "",
                "group_by_email": "",
                "role": "WRITER",
                "routine": [],
                "special_group": "projectWriters",
                "user_by_email": "",
                "view": []
              }
            ],
            "creation_time": 1679507482314,
            "dataset_id": "raw_data_store",
            "default_encryption_configuration": [],
            "default_partition_expiration_ms": 0,
            "default_table_expiration_ms": 0,
            "delete_contents_on_destroy": false,
            "description": "",
            "etag": "ALmeR6gATd1f9F7Ys8WtRQ==",
            "friendly_name": "",
            "id": "projects/datazoomcamp-jagadish-final/datasets/raw_data_store",
            "labels": {},
            "last_modified_time": 1679507482314,
            "location": "europe-west6",
            "max_time_travel_hours": "",
            "project": "datazoomcamp-jagadish-final",
            "self_link": "https://bigquery.googleapis.com/bigquery/v2/projects/datazoomcamp-jagadish-final/datasets/raw_data_store",
            "timeouts": null
          },
          "sensitive_attributes": [],
          "private": "eyJlMmJmYjczMC1lY2FhLTExZTYtOGY4OC0zNDM2M2JjN2M0YzAiOnsiY3JlYXRlIjoxMjAwMDAwMDAwMDAwLCJkZWxldGUiOjEyMDAwMDAwMDAwMDAsInVwZGF0ZSI6MTIwMDAwMDAwMDAwMH19"
        }
      ]
    },
    {
      "mode": "managed",
      "type": "google_storage_bucket",
      "name": "data-lake-bucket",
      "provider": "provider[\"registry.terraform.io/hashicorp/google\"]",
      "instances": [
        {
          "schema_version": 0,
          "attributes": {
            "autoclass": [],
            "cors": [],
            "custom_placement_config": [],
            "default_event_based_hold": false,
            "encryption": [],
            "force_destroy": true,
            "id": "jagadish_data_lake_datazoomcamp-jagadish-final",
            "labels": {},
            "lifecycle_rule": [
              {
                "action": [
                  {
                    "storage_class": "",
                    "type": "Delete"
                  }
                ],
                "condition": [
                  {
                    "age": 30,
                    "created_before": "",
                    "custom_time_before": "",
                    "days_since_custom_time": 0,
                    "days_since_noncurrent_time": 0,
                    "matches_prefix": [],
                    "matches_storage_class": [],
                    "matches_suffix": [],
                    "noncurrent_time_before": "",
                    "num_newer_versions": 0,
                    "with_state": "ANY"
                  }
                ]
              }
            ],
            "location": "EUROPE-WEST6",
            "logging": [],
            "name": "jagadish_data_lake_datazoomcamp-jagadish-final",
            "project": "datazoomcamp-jagadish-final",
            "public_access_prevention": "inherited",
            "requester_pays": false,
            "retention_policy": [],
            "self_link": "https://www.googleapis.com/storage/v1/b/jagadish_data_lake_datazoomcamp-jagadish-final",
            "storage_class": "STANDARD",
            "timeouts": null,
            "uniform_bucket_level_access": true,
            "url": "gs://jagadish_data_lake_datazoomcamp-jagadish-final",
            "versioning": [
              {
                "enabled": true
              }
            ],
            "website": []
          },
          "sensitive_attributes": [],
          "private": "eyJlMmJmYjczMC1lY2FhLTExZTYtOGY4OC0zNDM2M2JjN2M0YzAiOnsiY3JlYXRlIjo2MDAwMDAwMDAwMDAsInJlYWQiOjI0MDAwMDAwMDAwMCwidXBkYXRlIjoyNDAwMDAwMDAwMDB9fQ=="
        }
      ]
    }
  ],
  "check_results": null
}
